lockfileVersion: '6.0'

dependencies:
    fp-ts:
        specifier: ^2.16.0
        version: 2.16.0

packages:
    /fp-ts@2.16.0:
        resolution:
            {
                integrity: sha512-bLq+KgbiXdTEoT1zcARrWEpa5z6A/8b7PcDW7Gef3NSisQ+VS7ll2Xbf1E+xsgik0rWub/8u0qP/iTTjj+PhxQ==,
            }
        dev: false
